
Microsoft Visual Studio Solution File, Format Version 12.00
# Visual Studio Version 17
VisualStudioVersion = 17.2.32526.322
MinimumVisualStudioVersion = 10.0.40219.1
Project("{9A19103F-16F7-4668-BE54-9A1E7A4F7556}") = "rskibbe.IO.Ports.Com.System.Windows", "rskibbe.IO.Ports.Com.System.Windows\rskibbe.IO.Ports.Com.System.Windows.csproj", "{967BA083-117D-4DFB-B79D-E72EC32A05B6}"
EndProject
Project("{FAE04EC0-301F-11D3-BF4B-00C04F79EFBC}") = "rskibbe.IO.Ports.Com.System.Windows.Tests", "rskibbe.IO.Ports.Com.System.Windows.Tests\rskibbe.IO.Ports.Com.System.Windows.Tests.csproj", "{ED32C5B7-B08C-4FE3-A17E-6C1B7709CE23}"
EndProject
Global
	GlobalSection(SolutionConfigurationPlatforms) = preSolution
		Debug|Any CPU = Debug|Any CPU
		Release|Any CPU = Release|Any CPU
	EndGlobalSection
	GlobalSection(ProjectConfigurationPlatforms) = postSolution
		{967BA083-117D-4DFB-B79D-E72EC32A05B6}.Debug|Any CPU.ActiveCfg = Debug|Any CPU
		{967BA083-117D-4DFB-B79D-E72EC32A05B6}.Debug|Any CPU.Build.0 = Debug|Any CPU
		{967BA083-117D-4DFB-B79D-E72EC32A05B6}.Release|Any CPU.ActiveCfg = Release|Any CPU
		{967BA083-117D-4DFB-B79D-E72EC32A05B6}.Release|Any CPU.Build.0 = Release|Any CPU
		{ED32C5B7-B08C-4FE3-A17E-6C1B7709CE23}.Debug|Any CPU.ActiveCfg = Debug|Any CPU
		{ED32C5B7-B08C-4FE3-A17E-6C1B7709CE23}.Debug|Any CPU.Build.0 = Debug|Any CPU
		{ED32C5B7-B08C-4FE3-A17E-6C1B7709CE23}.Release|Any CPU.ActiveCfg = Release|Any CPU
		{ED32C5B7-B08C-4FE3-A17E-6C1B7709CE23}.Release|Any CPU.Build.0 = Release|Any CPU
	EndGlobalSection
	GlobalSection(SolutionProperties) = preSolution
		HideSolutionNode = FALSE
	EndGlobalSection
	GlobalSection(ExtensibilityGlobals) = postSolution
		SolutionGuid = {E32EDC0A-6324-4CAC-90D9-B2CAC3672975}
	EndGlobalSection
EndGlobal
